// !$*UTF8*$!
{
	archiveVersion = 1;
	classes = {
	};
	objectVersion = 48;
	objects = {

/* Begin PBXBuildFile section */
		5908C59F1F8743FE00BD4AA9 /* set 1 in Resources */ = {isa = PBXBuildFile; fileRef = 5908C59E1F8743FE00BD4AA9 /* set 1 */; };
		5908C5A51F8748F300BD4AA9 /* Images.xcassets in Resources */ = {isa = PBXBuildFile; fileRef = 5908C5A41F8748F300BD4AA9 /* Images.xcassets */; };
		59B0767F1F848E2C0057070A /* DiscountViewController.swift in Sources */ = {isa = PBXBuildFile; fileRef = 59B0767E1F848E2B0057070A /* DiscountViewController.swift */; };
		59D69DB81F7458950033C431 /* CoreLocation.framework in Frameworks */ = {isa = PBXBuildFile; fileRef = 59D69DB71F7458950033C431 /* CoreLocation.framework */; };
		59E9CD691F72BC2A00A4E181 /* AppDelegate.swift in Sources */ = {isa = PBXBuildFile; fileRef = 59E9CD681F72BC2A00A4E181 /* AppDelegate.swift */; };
		59E9CD6B1F72BC2A00A4E181 /* ViewController.swift in Sources */ = {isa = PBXBuildFile; fileRef = 59E9CD6A1F72BC2A00A4E181 /* ViewController.swift */; };
		59E9CD6E1F72BC2A00A4E181 /* Main.storyboard in Resources */ = {isa = PBXBuildFile; fileRef = 59E9CD6C1F72BC2A00A4E181 /* Main.storyboard */; };
		59E9CD731F72BC2A00A4E181 /* LaunchScreen.storyboard in Resources */ = {isa = PBXBuildFile; fileRef = 59E9CD711F72BC2A00A4E181 /* LaunchScreen.storyboard */; };
/* End PBXBuildFile section */

/* Begin PBXFileReference section */
		5908C59E1F8743FE00BD4AA9 /* set 1 */ = {isa = PBXFileReference; lastKnownFileType = folder; name = "set 1"; path = "../../../Downloads/FreeStuffIos/Image Assets/icons/set 1"; sourceTree = "<group>"; };
		5908C5A41F8748F300BD4AA9 /* Images.xcassets */ = {isa = PBXFileReference; lastKnownFileType = folder.assetcatalog; path = Images.xcassets; sourceTree = "<group>"; };
		59B0767E1F848E2B0057070A /* DiscountViewController.swift */ = {isa = PBXFileReference; lastKnownFileType = sourcecode.swift; path = DiscountViewController.swift; sourceTree = "<group>"; };
		59D69DB71F7458950033C431 /* CoreLocation.framework */ = {isa = PBXFileReference; lastKnownFileType = wrapper.framework; name = CoreLocation.framework; path = System/Library/Frameworks/CoreLocation.framework; sourceTree = SDKROOT; };
		59E9CD651F72BC2A00A4E181 /* calculator.app */ = {isa = PBXFileReference; explicitFileType = wrapper.application; includeInIndex = 0; path = calculator.app; sourceTree = BUILT_PRODUCTS_DIR; };
		59E9CD681F72BC2A00A4E181 /* AppDelegate.swift */ = {isa = PBXFileReference; lastKnownFileType = sourcecode.swift; path = AppDelegate.swift; sourceTree = "<group>"; };
		59E9CD6A1F72BC2A00A4E181 /* ViewController.swift */ = {isa = PBXFileReference; lastKnownFileType = sourcecode.swift; path = ViewController.swift; sourceTree = "<group>"; };
		59E9CD6D1F72BC2A00A4E181 /* Base */ = {isa = PBXFileReference; lastKnownFileType = file.storyboard; name = Base; path = Base.lproj/Main.storyboard; sourceTree = "<group>"; };
		59E9CD721F72BC2A00A4E181 /* Base */ = {isa = PBXFileReference; lastKnownFileType = file.storyboard; name = Base; path = Base.lproj/LaunchScreen.storyboard; sourceTree = "<group>"; };
		59E9CD741F72BC2A00A4E181 /* Info.plist */ = {isa = PBXFileReference; lastKnownFileType = text.plist.xml; path = Info.plist; sourceTree = "<group>"; };
/* End PBXFileReference section */

/* Begin PBXFrameworksBuildPhase section */
		59E9CD621F72BC2A00A4E181 /* Frameworks */ = {
			isa = PBXFrameworksBuildPhase;
			buildActionMask = 2147483647;
			files = (
				59D69DB81F7458950033C431 /* CoreLocation.framework in Frameworks */,
			);
			runOnlyForDeploymentPostprocessing = 0;
		};
/* End PBXFrameworksBuildPhase section */

/* Begin PBXGroup section */
		59D69DB61F7458950033C431 /* Frameworks */ = {
			isa = PBXGroup;
			children = (
				59D69DB71F7458950033C431 /* CoreLocation.framework */,
			);
			name = Frameworks;
			sourceTree = "<group>";
		};
		59E9CD5C1F72BC2A00A4E181 = {
			isa = PBXGroup;
			children = (
				59E9CD671F72BC2A00A4E181 /* calculator */,
				59E9CD661F72BC2A00A4E181 /* Products */,
				59D69DB61F7458950033C431 /* Frameworks */,
			);
			sourceTree = "<group>";
		};
		59E9CD661F72BC2A00A4E181 /* Products */ = {
			isa = PBXGroup;
			children = (
				59E9CD651F72BC2A00A4E181 /* calculator.app */,
			);
			name = Products;
			sourceTree = "<group>";
		};
		59E9CD671F72BC2A00A4E181 /* calculator */ = {
			isa = PBXGroup;
			children = (
				59B0767E1F848E2B0057070A /* DiscountViewController.swift */,
				5908C59E1F8743FE00BD4AA9 /* set 1 */,
				59E9CD681F72BC2A00A4E181 /* AppDelegate.swift */,
				59E9CD6A1F72BC2A00A4E181 /* ViewController.swift */,
				59E9CD6C1F72BC2A00A4E181 /* Main.storyboard */,
				59E9CD711F72BC2A00A4E181 /* LaunchScreen.storyboard */,
				59E9CD741F72BC2A00A4E181 /* Info.plist */,
				5908C5A41F8748F300BD4AA9 /* Images.xcassets */,
			);
			path = calculator;
			sourceTree = "<group>";
		};
/* End PBXGroup section */

/* Begin PBXNativeTarget section */
		59E9CD641F72BC2A00A4E181 /* calculator */ = {
			isa = PBXNativeTarget;
			buildConfigurationList = 59E9CD771F72BC2A00A4E181 /* Build configuration list for PBXNativeTarget "calculator" */;
			buildPhases = (
				59E9CD611F72BC2A00A4E181 /* Sources */,
				59E9CD621F72BC2A00A4E181 /* Frameworks */,
				59E9CD631F72BC2A00A4E181 /* Resources */,
			);
			buildRules = (
			);
			dependencies = (
			);
			name = calculator;
			productName = calculator;
			productReference = 59E9CD651F72BC2A00A4E181 /* calculator.app */;
			productType = "com.apple.product-type.application";
		};
/* End PBXNativeTarget section */

/* Begin PBXProject section */
		59E9CD5D1F72BC2A00A4E181 /* Project object */ = {
			isa = PBXProject;
			attributes = {
				LastSwiftUpdateCheck = 0830;
				LastUpgradeCheck = 0900;
				ORGANIZATIONNAME = "Andrey Kurganov";
				TargetAttributes = {
					59E9CD641F72BC2A00A4E181 = {
						CreatedOnToolsVersion = 8.3.3;
						LastSwiftMigration = 0900;
						ProvisioningStyle = Automatic;
					};
				};
			};
			buildConfigurationList = 59E9CD601F72BC2A00A4E181 /* Build configuration list for PBXProject "calculator" */;
			compatibilityVersion = "Xcode 8.0";
			developmentRegion = English;
			hasScannedForEncodings = 0;
			knownRegions = (
				en,
				Base,
			);
			mainGroup = 59E9CD5C1F72BC2A00A4E181;
			productRefGroup = 59E9CD661F72BC2A00A4E181 /* Products */;
			projectDirPath = "";
			projectRoot = "";
			targets = (
				59E9CD641F72BC2A00A4E181 /* calculator */,
			);
		};
/* End PBXProject section */

/* Begin PBXResourcesBuildPhase section */
		59E9CD631F72BC2A00A4E181 /* Resources */ = {
			isa = PBXResourcesBuildPhase;
			buildActionMask = 2147483647;
			files = (
				5908C59F1F8743FE00BD4AA9 /* set 1 in Resources */,
				5908C5A51F8748F300BD4AA9 /* Images.xcassets in Resources */,
				59E9CD731F72BC2A00A4E181 /* LaunchScreen.storyboard in Resources */,
				59E9CD6E1F72BC2A00A4E181 /* Main.storyboard in Resources */,
			);
			runOnlyForDeploymentPostprocessing = 0;
		};
/* End PBXResourcesBuildPhase section */

/* Begin PBXSourcesBuildPhase section */
		59E9CD611F72BC2A00A4E181 /* Sources */ = {
			isa = PBXSourcesBuildPhase;
			buildActionMask = 2147483647;
			files = (
				59E9CD6B1F72BC2A00A4E181 /* ViewController.swift in Sources */,
				59B0767F1F848E2C0057070A /* DiscountViewController.swift in Sources */,
				59E9CD691F72BC2A00A4E181 /* AppDelegate.swift in Sources */,
			);
			runOnlyForDeploymentPostprocessing = 0;
		};
/* End PBXSourcesBuildPhase section */

/* Begin PBXVariantGroup section */
		59E9CD6C1F72BC2A00A4E181 /* Main.storyboard */ = {
			isa = PBXVariantGroup;
			children = (
				59E9CD6D1F72BC2A00A4E181 /* Base */,
			);
			name = Main.storyboard;
			sourceTree = "<group>";
		};
		59E9CD711F72BC2A00A4E181 /* LaunchScreen.storyboard */ = {
			isa = PBXVariantGroup;
			children = (
				59E9CD721F72BC2A00A4E181 /* Base */,
			);
			name = LaunchScreen.storyboard;
			sourceTree = "<group>";
		};
/* End PBXVariantGroup section */

/* Begin XCBuildConfiguration section */
		59E9CD751F72BC2A00A4E181 /* Debug */ = {
			isa = XCBuildConfiguration;
			buildSettings = {
				ALWAYS_SEARCH_USER_PATHS = NO;
				CLANG_ANALYZER_NONNULL = YES;
				CLANG_ANALYZER_NUMBER_OBJECT_CONVERSION = YES_AGGRESSIVE;
				CLANG_CXX_LANGUAGE_STANDARD = "gnu++0x";
				CLANG_CXX_LIBRARY = "libc++";
				CLANG_ENABLE_MODULES = YES;
				CLANG_ENABLE_OBJC_ARC = YES;
				CLANG_WARN_BLOCK_CAPTURE_AUTORELEASING = YES;
				CLANG_WARN_BOOL_CONVERSION = YES;
				CLANG_WARN_COMMA = YES;
				CLANG_WARN_CONSTANT_CONVERSION = YES;
				CLANG_WARN_DIRECT_OBJC_ISA_USAGE = YES_ERROR;
				CLANG_WARN_DOCUMENTATION_COMMENTS = YES;
				CLANG_WARN_EMPTY_BODY = YES;
				CLANG_WARN_ENUM_CONVERSION = YES;
				CLANG_WARN_INFINITE_RECURSION = YES;
				CLANG_WARN_INT_CONVERSION = YES;
				CLANG_WARN_NON_LITERAL_NULL_CONVERSION = YES;
				CLANG_WARN_OBJC_LITERAL_CONVERSION = YES;
				CLANG_WARN_OBJC_ROOT_CLASS = YES_ERROR;
				CLANG_WARN_RANGE_LOOP_ANALYSIS = YES;
				CLANG_WARN_STRICT_PROTOTYPES = YES;
				CLANG_WARN_SUSPICIOUS_MOVE = YES;
				CLANG_WARN_UNREACHABLE_CODE = YES;
				CLANG_WARN__DUPLICATE_METHOD_MATCH = YES;
				CODE_SIGN_IDENTITY = "iPhone Developer";
				"CODE_SIGN_IDENTITY[sdk=iphoneos*]" = "iPhone Developer";
				COPY_PHASE_STRIP = NO;
				DEBUG_INFORMATION_FORMAT = dwarf;
				ENABLE_STRICT_OBJC_MSGSEND = YES;
				ENABLE_TESTABILITY = YES;
				GCC_C_LANGUAGE_STANDARD = gnu99;
				GCC_DYNAMIC_NO_PIC = NO;
				GCC_NO_COMMON_BLOCKS = YES;
				GCC_OPTIMIZATION_LEVEL = 0;
				GCC_PREPROCESSOR_DEFINITIONS = (
					"DEBUG=1",
					"$(inherited)",
				);
				GCC_WARN_64_TO_32_BIT_CONVERSION = YES;
				GCC_WARN_ABOUT_RETURN_TYPE = YES_ERROR;
				GCC_WARN_UNDECLARED_SELECTOR = YES;
				GCC_WARN_UNINITIALIZED_AUTOS = YES_AGGRESSIVE;
				GCC_WARN_UNUSED_FUNCTION = YES;
				GCC_WARN_UNUSED_VARIABLE = YES;
				IPHONEOS_DEPLOYMENT_TARGET = 11.1;
				MTL_ENABLE_DEBUG_INFO = YES;
				ONLY_ACTIVE_ARCH = YES;
				SDKROOT = iphoneos;
				SWIFT_ACTIVE_COMPILATION_CONDITIONS = DEBUG;
				SWIFT_OPTIMIZATION_LEVEL = "-Onone";
				TARGETED_DEVICE_FAMILY = "1,2";
			};
			name = Debug;
		};
		59E9CD761F72BC2A00A4E181 /* Release */ = {
			isa = XCBuildConfiguration;
			buildSettings = {
				ALWAYS_SEARCH_USER_PATHS = NO;
				CLANG_ANALYZER_NONNULL = YES;
				CLANG_ANALYZER_NUMBER_OBJECT_CONVERSION = YES_AGGRESSIVE;
				CLANG_CXX_LANGUAGE_STANDARD = "gnu++0x";
				CLANG_CXX_LIBRARY = "libc++";
				CLANG_ENABLE_MODULES = YES;
				CLANG_ENABLE_OBJC_ARC = YES;
				CLANG_WARN_BLOCK_CAPTURE_AUTORELEASING = YES;
				CLANG_WARN_BOOL_CONVERSION = YES;
				CLANG_WARN_COMMA = YES;
				CLANG_WARN_CONSTANT_CONVERSION = YES;
				CLANG_WARN_DIRECT_OBJC_ISA_USAGE = YES_ERROR;
				CLANG_WARN_DOCUMENTATION_COMMENTS = YES;
				CLANG_WARN_EMPTY_BODY = YES;
				CLANG_WARN_ENUM_CONVERSION = YES;
				CLANG_WARN_INFINITE_RECURSION = YES;
				CLANG_WARN_INT_CONVERSION = YES;
				CLANG_WARN_NON_LITERAL_NULL_CONVERSION = YES;
				CLANG_WARN_OBJC_LITERAL_CONVERSION = YES;
				CLANG_WARN_OBJC_ROOT_CLASS = YES_ERROR;
				CLANG_WARN_RANGE_LOOP_ANALYSIS = YES;
				CLANG_WARN_STRICT_PROTOTYPES = YES;
				CLANG_WARN_SUSPICIOUS_MOVE = YES;
				CLANG_WARN_UNREACHABLE_CODE = YES;
				CLANG_WARN__DUPLICATE_METHOD_MATCH = YES;
				CODE_SIGN_IDENTITY = "iPhone Developer";
				"CODE_SIGN_IDENTITY[sdk=iphoneos*]" = "iPhone Developer";
				COPY_PHASE_STRIP = NO;
				DEBUG_INFORMATION_FORMAT = "dwarf-with-dsym";
				ENABLE_NS_ASSERTIONS = NO;
				ENABLE_STRICT_OBJC_MSGSEND = YES;
				GCC_C_LANGUAGE_STANDARD = gnu99;
				GCC_NO_COMMON_BLOCKS = YES;
				GCC_WARN_64_TO_32_BIT_CONVERSION = YES;
				GCC_WARN_ABOUT_RETURN_TYPE = YES_ERROR;
				GCC_WARN_UNDECLARED_SELECTOR = YES;
				GCC_WARN_UNINITIALIZED_AUTOS = YES_AGGRESSIVE;
				GCC_WARN_UNUSED_FUNCTION = YES;
				GCC_WARN_UNUSED_VARIABLE = YES;
				IPHONEOS_DEPLOYMENT_TARGET = 11.1;
				MTL_ENABLE_DEBUG_INFO = NO;
				SDKROOT = iphoneos;
				SWIFT_OPTIMIZATION_LEVEL = "-Owholemodule";
				TARGETED_DEVICE_FAMILY = "1,2";
				VALIDATE_PRODUCT = YES;
			};
			name = Release;
		};
		59E9CD781F72BC2A00A4E181 /* Debug */ = {
			isa = XCBuildConfiguration;
			buildSettings = {
				DEVELOPMENT_TEAM = BGC6KYL5F4;
				INFOPLIST_FILE = calculator/Info.plist;
				LD_RUNPATH_SEARCH_PATHS = "$(inherited) @executable_path/Frameworks";
				PRODUCT_BUNDLE_IDENTIFIER = com.tips.calculator;
				PRODUCT_NAME = "$(TARGET_NAME)";
				SWIFT_SWIFT3_OBJC_INFERENCE = On;
				SWIFT_VERSION = 4.0;
				TARGETED_DEVICE_FAMILY = 1;
			};
			name = Debug;
		};
		59E9CD791F72BC2A00A4E181 /* Release */ = {
			isa = XCBuildConfiguration;
			buildSettings = {
				DEVELOPMENT_TEAM = BGC6KYL5F4;
				INFOPLIST_FILE = calculator/Info.plist;
				LD_RUNPATH_SEARCH_PATHS = "$(inherited) @executable_path/Frameworks";
				PRODUCT_BUNDLE_IDENTIFIER = com.tips.calculator;
				PRODUCT_NAME = "$(TARGET_NAME)";
				SWIFT_SWIFT3_OBJC_INFERENCE = On;
				SWIFT_VERSION = 4.0;
				TARGETED_DEVICE_FAMILY = 1;
			};
			name = Release;
		};
/* End XCBuildConfiguration section */

/* Begin XCConfigurationList section */
		59E9CD601F72BC2A00A4E181 /* Build configuration list for PBXProject "calculator" */ = {
			isa = XCConfigurationList;
			buildConfigurations = (
				59E9CD751F72BC2A00A4E181 /* Debug */,
				59E9CD761F72BC2A00A4E181 /* Release */,
			);
			defaultConfigurationIsVisible = 0;
			defaultConfigurationName = Release;
		};
		59E9CD771F72BC2A00A4E181 /* Build configuration list for PBXNativeTarget "calculator" */ = {
			isa = XCConfigurationList;
			buildConfigurations = (
				59E9CD781F72BC2A00A4E181 /* Debug */,
				59E9CD791F72BC2A00A4E181 /* Release */,
			);
			defaultConfigurationIsVisible = 0;
			defaultConfigurationName = Release;
		};
/* End XCConfigurationList section */
	};
	rootObject = 59E9CD5D1F72BC2A00A4E181 /* Project object */;
}
